
Microsoft Visual Studio Solution File, Format Version 12.00
# Visual Studio Version 17
VisualStudioVersion = 17.14.36105.17
MinimumVisualStudioVersion = 10.0.40219.1
Project("{FAE04EC0-301F-11D3-BF4B-00C04F79EFBC}") = "WPR.UWP", "WPR\WPR.UWP\WPR.UWP.csproj", "{86495AF2-9B99-4D12-8A8E-FE10B7F92681}"
EndProject
Project("{FAE04EC0-301F-11D3-BF4B-00C04F79EFBC}") = "WPR.Android", "WPR\WPR.Android\WPR.Android.csproj", "{58C4D4AE-E95A-4881-83AA-BB02BFB99059}"
EndProject
Project("{FAE04EC0-301F-11D3-BF4B-00C04F79EFBC}") = "WPR.iOS", "WPR\WPR.iOS\WPR.iOS.csproj", "{76D856DE-658B-4092-B388-C6793AC631F2}"
EndProject
Project("{FAE04EC0-301F-11D3-BF4B-00C04F79EFBC}") = "WPR", "WPR\WPR\WPR.csproj", "{CA38D4FF-2E04-4BD0-9977-0B0116B3F6C2}"
EndProject
Project("{FAE04EC0-301F-11D3-BF4B-00C04F79EFBC}") = "Microsoft.Phone", "Microsoft.Phone\Microsoft.Phone.csproj", "{E71EECBF-96D2-470F-F955-2AC1B6EF281F}"
EndProject
Project("{FAE04EC0-301F-11D3-BF4B-00C04F79EFBC}") = "Microsoft.Xna.Framework.GamerServices", "Microsoft.Xna.Framework.GamerServices\Microsoft.Xna.Framework.GamerServices.csproj", "{21986ABF-A295-5599-57AA-CF961AA122C8}"
EndProject
Project("{FAE04EC0-301F-11D3-BF4B-00C04F79EFBC}") = "WPR.MonoGameCompability", "WPR.MonoGameCompabilityPatch\WPR.MonoGameCompability.csproj", "{C1E6B0DB-23D1-01D7-C12D-AAE4538A6B96}"
EndProject
Global
	GlobalSection(SolutionConfigurationPlatforms) = preSolution
		Debug|ARM = Debug|ARM
		Debug|x64 = Debug|x64
		Debug|x86 = Debug|x86
		Release|ARM = Release|ARM
		Release|x64 = Release|x64
		Release|x86 = Release|x86
	EndGlobalSection
	GlobalSection(ProjectConfigurationPlatforms) = postSolution
		{86495AF2-9B99-4D12-8A8E-FE10B7F92681}.Debug|ARM.ActiveCfg = Debug|ARM
		{86495AF2-9B99-4D12-8A8E-FE10B7F92681}.Debug|ARM.Build.0 = Debug|ARM
		{86495AF2-9B99-4D12-8A8E-FE10B7F92681}.Debug|ARM.Deploy.0 = Debug|ARM
		{86495AF2-9B99-4D12-8A8E-FE10B7F92681}.Debug|x64.ActiveCfg = Debug|x64
		{86495AF2-9B99-4D12-8A8E-FE10B7F92681}.Debug|x64.Build.0 = Debug|x64
		{86495AF2-9B99-4D12-8A8E-FE10B7F92681}.Debug|x64.Deploy.0 = Debug|x64
		{86495AF2-9B99-4D12-8A8E-FE10B7F92681}.Debug|x86.ActiveCfg = Debug|x86
		{86495AF2-9B99-4D12-8A8E-FE10B7F92681}.Debug|x86.Build.0 = Debug|x86
		{86495AF2-9B99-4D12-8A8E-FE10B7F92681}.Debug|x86.Deploy.0 = Debug|x86
		{86495AF2-9B99-4D12-8A8E-FE10B7F92681}.Release|ARM.ActiveCfg = Release|ARM
		{86495AF2-9B99-4D12-8A8E-FE10B7F92681}.Release|ARM.Build.0 = Release|ARM
		{86495AF2-9B99-4D12-8A8E-FE10B7F92681}.Release|ARM.Deploy.0 = Release|ARM
		{86495AF2-9B99-4D12-8A8E-FE10B7F92681}.Release|x64.ActiveCfg = Release|x64
		{86495AF2-9B99-4D12-8A8E-FE10B7F92681}.Release|x64.Build.0 = Release|x64
		{86495AF2-9B99-4D12-8A8E-FE10B7F92681}.Release|x64.Deploy.0 = Release|x64
		{86495AF2-9B99-4D12-8A8E-FE10B7F92681}.Release|x86.ActiveCfg = Release|x86
		{86495AF2-9B99-4D12-8A8E-FE10B7F92681}.Release|x86.Build.0 = Release|x86
		{86495AF2-9B99-4D12-8A8E-FE10B7F92681}.Release|x86.Deploy.0 = Release|x86
		{58C4D4AE-E95A-4881-83AA-BB02BFB99059}.Debug|ARM.ActiveCfg = Debug|Any CPU
		{58C4D4AE-E95A-4881-83AA-BB02BFB99059}.Debug|ARM.Build.0 = Debug|Any CPU
		{58C4D4AE-E95A-4881-83AA-BB02BFB99059}.Debug|ARM.Deploy.0 = Debug|Any CPU
		{58C4D4AE-E95A-4881-83AA-BB02BFB99059}.Debug|x64.ActiveCfg = Debug|Any CPU
		{58C4D4AE-E95A-4881-83AA-BB02BFB99059}.Debug|x64.Build.0 = Debug|Any CPU
		{58C4D4AE-E95A-4881-83AA-BB02BFB99059}.Debug|x64.Deploy.0 = Debug|Any CPU
		{58C4D4AE-E95A-4881-83AA-BB02BFB99059}.Debug|x86.ActiveCfg = Debug|Any CPU
		{58C4D4AE-E95A-4881-83AA-BB02BFB99059}.Debug|x86.Build.0 = Debug|Any CPU
		{58C4D4AE-E95A-4881-83AA-BB02BFB99059}.Debug|x86.Deploy.0 = Debug|Any CPU
		{58C4D4AE-E95A-4881-83AA-BB02BFB99059}.Release|ARM.ActiveCfg = Release|Any CPU
		{58C4D4AE-E95A-4881-83AA-BB02BFB99059}.Release|ARM.Build.0 = Release|Any CPU
		{58C4D4AE-E95A-4881-83AA-BB02BFB99059}.Release|ARM.Deploy.0 = Release|Any CPU
		{58C4D4AE-E95A-4881-83AA-BB02BFB99059}.Release|x64.ActiveCfg = Release|Any CPU
		{58C4D4AE-E95A-4881-83AA-BB02BFB99059}.Release|x64.Build.0 = Release|Any CPU
		{58C4D4AE-E95A-4881-83AA-BB02BFB99059}.Release|x64.Deploy.0 = Release|Any CPU
		{58C4D4AE-E95A-4881-83AA-BB02BFB99059}.Release|x86.ActiveCfg = Release|Any CPU
		{58C4D4AE-E95A-4881-83AA-BB02BFB99059}.Release|x86.Build.0 = Release|Any CPU
		{58C4D4AE-E95A-4881-83AA-BB02BFB99059}.Release|x86.Deploy.0 = Release|Any CPU
		{76D856DE-658B-4092-B388-C6793AC631F2}.Debug|ARM.ActiveCfg = Debug|iPhoneSimulator
		{76D856DE-658B-4092-B388-C6793AC631F2}.Debug|ARM.Build.0 = Debug|iPhoneSimulator
		{76D856DE-658B-4092-B388-C6793AC631F2}.Debug|ARM.Deploy.0 = Debug|iPhoneSimulator
		{76D856DE-658B-4092-B388-C6793AC631F2}.Debug|x64.ActiveCfg = Debug|iPhone
		{76D856DE-658B-4092-B388-C6793AC631F2}.Debug|x64.Build.0 = Debug|iPhone
		{76D856DE-658B-4092-B388-C6793AC631F2}.Debug|x64.Deploy.0 = Debug|iPhone
		{76D856DE-658B-4092-B388-C6793AC631F2}.Debug|x86.ActiveCfg = Debug|iPhoneSimulator
		{76D856DE-658B-4092-B388-C6793AC631F2}.Debug|x86.Build.0 = Debug|iPhoneSimulator
		{76D856DE-658B-4092-B388-C6793AC631F2}.Debug|x86.Deploy.0 = Debug|iPhoneSimulator
		{76D856DE-658B-4092-B388-C6793AC631F2}.Release|ARM.ActiveCfg = Release|iPhoneSimulator
		{76D856DE-658B-4092-B388-C6793AC631F2}.Release|ARM.Build.0 = Release|iPhoneSimulator
		{76D856DE-658B-4092-B388-C6793AC631F2}.Release|ARM.Deploy.0 = Release|iPhoneSimulator
		{76D856DE-658B-4092-B388-C6793AC631F2}.Release|x64.ActiveCfg = Release|iPhoneSimulator
		{76D856DE-658B-4092-B388-C6793AC631F2}.Release|x64.Build.0 = Release|iPhoneSimulator
		{76D856DE-658B-4092-B388-C6793AC631F2}.Release|x64.Deploy.0 = Release|iPhoneSimulator
		{76D856DE-658B-4092-B388-C6793AC631F2}.Release|x86.ActiveCfg = Release|iPhoneSimulator
		{76D856DE-658B-4092-B388-C6793AC631F2}.Release|x86.Build.0 = Release|iPhoneSimulator
		{76D856DE-658B-4092-B388-C6793AC631F2}.Release|x86.Deploy.0 = Release|iPhoneSimulator
		{CA38D4FF-2E04-4BD0-9977-0B0116B3F6C2}.Debug|ARM.ActiveCfg = Debug|Any CPU
		{CA38D4FF-2E04-4BD0-9977-0B0116B3F6C2}.Debug|ARM.Build.0 = Debug|Any CPU
		{CA38D4FF-2E04-4BD0-9977-0B0116B3F6C2}.Debug|ARM.Deploy.0 = Debug|Any CPU
		{CA38D4FF-2E04-4BD0-9977-0B0116B3F6C2}.Debug|x64.ActiveCfg = Debug|Any CPU
		{CA38D4FF-2E04-4BD0-9977-0B0116B3F6C2}.Debug|x64.Build.0 = Debug|Any CPU
		{CA38D4FF-2E04-4BD0-9977-0B0116B3F6C2}.Debug|x64.Deploy.0 = Debug|Any CPU
		{CA38D4FF-2E04-4BD0-9977-0B0116B3F6C2}.Debug|x86.ActiveCfg = Debug|Any CPU
		{CA38D4FF-2E04-4BD0-9977-0B0116B3F6C2}.Debug|x86.Build.0 = Debug|Any CPU
		{CA38D4FF-2E04-4BD0-9977-0B0116B3F6C2}.Debug|x86.Deploy.0 = Debug|Any CPU
		{CA38D4FF-2E04-4BD0-9977-0B0116B3F6C2}.Release|ARM.ActiveCfg = Release|Any CPU
		{CA38D4FF-2E04-4BD0-9977-0B0116B3F6C2}.Release|ARM.Build.0 = Release|Any CPU
		{CA38D4FF-2E04-4BD0-9977-0B0116B3F6C2}.Release|ARM.Deploy.0 = Release|Any CPU
		{CA38D4FF-2E04-4BD0-9977-0B0116B3F6C2}.Release|x64.ActiveCfg = Release|Any CPU
		{CA38D4FF-2E04-4BD0-9977-0B0116B3F6C2}.Release|x64.Build.0 = Release|Any CPU
		{CA38D4FF-2E04-4BD0-9977-0B0116B3F6C2}.Release|x64.Deploy.0 = Release|Any CPU
		{CA38D4FF-2E04-4BD0-9977-0B0116B3F6C2}.Release|x86.ActiveCfg = Release|Any CPU
		{CA38D4FF-2E04-4BD0-9977-0B0116B3F6C2}.Release|x86.Build.0 = Release|Any CPU
		{CA38D4FF-2E04-4BD0-9977-0B0116B3F6C2}.Release|x86.Deploy.0 = Release|Any CPU
		{E71EECBF-96D2-470F-F955-2AC1B6EF281F}.Debug|ARM.ActiveCfg = Debug|Any CPU
		{E71EECBF-96D2-470F-F955-2AC1B6EF281F}.Debug|ARM.Build.0 = Debug|Any CPU
		{E71EECBF-96D2-470F-F955-2AC1B6EF281F}.Debug|x64.ActiveCfg = Debug|x64
		{E71EECBF-96D2-470F-F955-2AC1B6EF281F}.Debug|x64.Build.0 = Debug|x64
		{E71EECBF-96D2-470F-F955-2AC1B6EF281F}.Debug|x86.ActiveCfg = Debug|Any CPU
		{E71EECBF-96D2-470F-F955-2AC1B6EF281F}.Debug|x86.Build.0 = Debug|Any CPU
		{E71EECBF-96D2-470F-F955-2AC1B6EF281F}.Release|ARM.ActiveCfg = Release|Any CPU
		{E71EECBF-96D2-470F-F955-2AC1B6EF281F}.Release|ARM.Build.0 = Release|Any CPU
		{E71EECBF-96D2-470F-F955-2AC1B6EF281F}.Release|x64.ActiveCfg = Release|x64
		{E71EECBF-96D2-470F-F955-2AC1B6EF281F}.Release|x64.Build.0 = Release|x64
		{E71EECBF-96D2-470F-F955-2AC1B6EF281F}.Release|x86.ActiveCfg = Release|Any CPU
		{E71EECBF-96D2-470F-F955-2AC1B6EF281F}.Release|x86.Build.0 = Release|Any CPU
		{21986ABF-A295-5599-57AA-CF961AA122C8}.Debug|ARM.ActiveCfg = Debug|Any CPU
		{21986ABF-A295-5599-57AA-CF961AA122C8}.Debug|ARM.Build.0 = Debug|Any CPU
		{21986ABF-A295-5599-57AA-CF961AA122C8}.Debug|x64.ActiveCfg = Debug|x64
		{21986ABF-A295-5599-57AA-CF961AA122C8}.Debug|x64.Build.0 = Debug|x64
		{21986ABF-A295-5599-57AA-CF961AA122C8}.Debug|x86.ActiveCfg = Debug|Any CPU
		{21986ABF-A295-5599-57AA-CF961AA122C8}.Debug|x86.Build.0 = Debug|Any CPU
		{21986ABF-A295-5599-57AA-CF961AA122C8}.Release|ARM.ActiveCfg = Release|Any CPU
		{21986ABF-A295-5599-57AA-CF961AA122C8}.Release|ARM.Build.0 = Release|Any CPU
		{21986ABF-A295-5599-57AA-CF961AA122C8}.Release|x64.ActiveCfg = Release|x64
		{21986ABF-A295-5599-57AA-CF961AA122C8}.Release|x64.Build.0 = Release|x64
		{21986ABF-A295-5599-57AA-CF961AA122C8}.Release|x86.ActiveCfg = Release|Any CPU
		{21986ABF-A295-5599-57AA-CF961AA122C8}.Release|x86.Build.0 = Release|Any CPU
		{C1E6B0DB-23D1-01D7-C12D-AAE4538A6B96}.Debug|ARM.ActiveCfg = Debug|Any CPU
		{C1E6B0DB-23D1-01D7-C12D-AAE4538A6B96}.Debug|ARM.Build.0 = Debug|Any CPU
		{C1E6B0DB-23D1-01D7-C12D-AAE4538A6B96}.Debug|x64.ActiveCfg = Debug|x64
		{C1E6B0DB-23D1-01D7-C12D-AAE4538A6B96}.Debug|x64.Build.0 = Debug|x64
		{C1E6B0DB-23D1-01D7-C12D-AAE4538A6B96}.Debug|x86.ActiveCfg = Debug|Any CPU
		{C1E6B0DB-23D1-01D7-C12D-AAE4538A6B96}.Debug|x86.Build.0 = Debug|Any CPU
		{C1E6B0DB-23D1-01D7-C12D-AAE4538A6B96}.Release|ARM.ActiveCfg = Release|Any CPU
		{C1E6B0DB-23D1-01D7-C12D-AAE4538A6B96}.Release|ARM.Build.0 = Release|Any CPU
		{C1E6B0DB-23D1-01D7-C12D-AAE4538A6B96}.Release|x64.ActiveCfg = Release|x64
		{C1E6B0DB-23D1-01D7-C12D-AAE4538A6B96}.Release|x64.Build.0 = Release|x64
		{C1E6B0DB-23D1-01D7-C12D-AAE4538A6B96}.Release|x86.ActiveCfg = Release|Any CPU
		{C1E6B0DB-23D1-01D7-C12D-AAE4538A6B96}.Release|x86.Build.0 = Release|Any CPU
	EndGlobalSection
	GlobalSection(SolutionProperties) = preSolution
		HideSolutionNode = FALSE
	EndGlobalSection
	GlobalSection(ExtensibilityGlobals) = postSolution
		SolutionGuid = {4888A717-5FB4-41D1-9F39-E01D44689FAA}
	EndGlobalSection
EndGlobal
