
Microsoft Visual Studio Solution File, Format Version 12.00
# Visual Studio Version 17
VisualStudioVersion = 17.14.36105.17 d17.14
MinimumVisualStudioVersion = 10.0.40219.1
Project("{FAE04EC0-301F-11D3-BF4B-00C04F79EFBC}") = "WPR", "WPR\WPR.csproj", "{5F38395D-FD47-473A-8728-7DB691C0FE09}"
EndProject
Project("{FAE04EC0-301F-11D3-BF4B-00C04F79EFBC}") = "Microsoft.Phone", "Microsoft.Phone\Microsoft.Phone.csproj", "{D9FE235D-3985-4936-8C6D-AE5815A963B9}"
EndProject
Project("{FAE04EC0-301F-11D3-BF4B-00C04F79EFBC}") = "Microsoft.Xna.Framework.GamerServices", "Microsoft.Xna.Framework.GamerServices\Microsoft.Xna.Framework.GamerServices.csproj", "{70884341-C9F7-4050-815C-0AB35BD49DA9}"
EndProject
Project("{FAE04EC0-301F-11D3-BF4B-00C04F79EFBC}") = "WPR.MonoGameCompabilityPatch", "WPR.MonoGameCompabilityPatch\WPR.MonoGameCompabilityPatch.csproj", "{8D9DA93C-B970-47DB-B367-392EC0034E93}"
EndProject
Global
	GlobalSection(SolutionConfigurationPlatforms) = preSolution
		Debug|ARM = Debug|ARM
		Debug|ARM64 = Debug|ARM64
		Debug|x64 = Debug|x64
		Debug|x86 = Debug|x86
		Release|ARM = Release|ARM
		Release|ARM64 = Release|ARM64
		Release|x64 = Release|x64
		Release|x86 = Release|x86
	EndGlobalSection
	GlobalSection(ProjectConfigurationPlatforms) = postSolution
		{5F38395D-FD47-473A-8728-7DB691C0FE09}.Debug|ARM.ActiveCfg = Debug|ARM
		{5F38395D-FD47-473A-8728-7DB691C0FE09}.Debug|ARM.Build.0 = Debug|ARM
		{5F38395D-FD47-473A-8728-7DB691C0FE09}.Debug|ARM.Deploy.0 = Debug|ARM
		{5F38395D-FD47-473A-8728-7DB691C0FE09}.Debug|ARM64.ActiveCfg = Debug|ARM64
		{5F38395D-FD47-473A-8728-7DB691C0FE09}.Debug|ARM64.Build.0 = Debug|ARM64
		{5F38395D-FD47-473A-8728-7DB691C0FE09}.Debug|ARM64.Deploy.0 = Debug|ARM64
		{5F38395D-FD47-473A-8728-7DB691C0FE09}.Debug|x64.ActiveCfg = Debug|x64
		{5F38395D-FD47-473A-8728-7DB691C0FE09}.Debug|x64.Build.0 = Debug|x64
		{5F38395D-FD47-473A-8728-7DB691C0FE09}.Debug|x64.Deploy.0 = Debug|x64
		{5F38395D-FD47-473A-8728-7DB691C0FE09}.Debug|x86.ActiveCfg = Debug|x86
		{5F38395D-FD47-473A-8728-7DB691C0FE09}.Debug|x86.Build.0 = Debug|x86
		{5F38395D-FD47-473A-8728-7DB691C0FE09}.Debug|x86.Deploy.0 = Debug|x86
		{5F38395D-FD47-473A-8728-7DB691C0FE09}.Release|ARM.ActiveCfg = Release|ARM
		{5F38395D-FD47-473A-8728-7DB691C0FE09}.Release|ARM.Build.0 = Release|ARM
		{5F38395D-FD47-473A-8728-7DB691C0FE09}.Release|ARM.Deploy.0 = Release|ARM
		{5F38395D-FD47-473A-8728-7DB691C0FE09}.Release|ARM64.ActiveCfg = Release|ARM64
		{5F38395D-FD47-473A-8728-7DB691C0FE09}.Release|ARM64.Build.0 = Release|ARM64
		{5F38395D-FD47-473A-8728-7DB691C0FE09}.Release|ARM64.Deploy.0 = Release|ARM64
		{5F38395D-FD47-473A-8728-7DB691C0FE09}.Release|x64.ActiveCfg = Release|x64
		{5F38395D-FD47-473A-8728-7DB691C0FE09}.Release|x64.Build.0 = Release|x64
		{5F38395D-FD47-473A-8728-7DB691C0FE09}.Release|x64.Deploy.0 = Release|x64
		{5F38395D-FD47-473A-8728-7DB691C0FE09}.Release|x86.ActiveCfg = Release|x86
		{5F38395D-FD47-473A-8728-7DB691C0FE09}.Release|x86.Build.0 = Release|x86
		{5F38395D-FD47-473A-8728-7DB691C0FE09}.Release|x86.Deploy.0 = Release|x86
		{D9FE235D-3985-4936-8C6D-AE5815A963B9}.Debug|ARM.ActiveCfg = Debug|ARM
		{D9FE235D-3985-4936-8C6D-AE5815A963B9}.Debug|ARM.Build.0 = Debug|ARM
		{D9FE235D-3985-4936-8C6D-AE5815A963B9}.Debug|ARM64.ActiveCfg = Debug|ARM64
		{D9FE235D-3985-4936-8C6D-AE5815A963B9}.Debug|ARM64.Build.0 = Debug|ARM64
		{D9FE235D-3985-4936-8C6D-AE5815A963B9}.Debug|x64.ActiveCfg = Debug|x64
		{D9FE235D-3985-4936-8C6D-AE5815A963B9}.Debug|x64.Build.0 = Debug|x64
		{D9FE235D-3985-4936-8C6D-AE5815A963B9}.Debug|x86.ActiveCfg = Debug|x86
		{D9FE235D-3985-4936-8C6D-AE5815A963B9}.Debug|x86.Build.0 = Debug|x86
		{D9FE235D-3985-4936-8C6D-AE5815A963B9}.Release|ARM.ActiveCfg = Release|ARM
		{D9FE235D-3985-4936-8C6D-AE5815A963B9}.Release|ARM.Build.0 = Release|ARM
		{D9FE235D-3985-4936-8C6D-AE5815A963B9}.Release|ARM64.ActiveCfg = Release|ARM64
		{D9FE235D-3985-4936-8C6D-AE5815A963B9}.Release|ARM64.Build.0 = Release|ARM64
		{D9FE235D-3985-4936-8C6D-AE5815A963B9}.Release|x64.ActiveCfg = Release|x64
		{D9FE235D-3985-4936-8C6D-AE5815A963B9}.Release|x64.Build.0 = Release|x64
		{D9FE235D-3985-4936-8C6D-AE5815A963B9}.Release|x86.ActiveCfg = Release|x86
		{D9FE235D-3985-4936-8C6D-AE5815A963B9}.Release|x86.Build.0 = Release|x86
		{70884341-C9F7-4050-815C-0AB35BD49DA9}.Debug|ARM.ActiveCfg = Debug|ARM
		{70884341-C9F7-4050-815C-0AB35BD49DA9}.Debug|ARM.Build.0 = Debug|ARM
		{70884341-C9F7-4050-815C-0AB35BD49DA9}.Debug|ARM64.ActiveCfg = Debug|ARM64
		{70884341-C9F7-4050-815C-0AB35BD49DA9}.Debug|ARM64.Build.0 = Debug|ARM64
		{70884341-C9F7-4050-815C-0AB35BD49DA9}.Debug|x64.ActiveCfg = Debug|x64
		{70884341-C9F7-4050-815C-0AB35BD49DA9}.Debug|x64.Build.0 = Debug|x64
		{70884341-C9F7-4050-815C-0AB35BD49DA9}.Debug|x86.ActiveCfg = Debug|x86
		{70884341-C9F7-4050-815C-0AB35BD49DA9}.Debug|x86.Build.0 = Debug|x86
		{70884341-C9F7-4050-815C-0AB35BD49DA9}.Release|ARM.ActiveCfg = Release|ARM
		{70884341-C9F7-4050-815C-0AB35BD49DA9}.Release|ARM.Build.0 = Release|ARM
		{70884341-C9F7-4050-815C-0AB35BD49DA9}.Release|ARM64.ActiveCfg = Release|ARM64
		{70884341-C9F7-4050-815C-0AB35BD49DA9}.Release|ARM64.Build.0 = Release|ARM64
		{70884341-C9F7-4050-815C-0AB35BD49DA9}.Release|x64.ActiveCfg = Release|x64
		{70884341-C9F7-4050-815C-0AB35BD49DA9}.Release|x64.Build.0 = Release|x64
		{70884341-C9F7-4050-815C-0AB35BD49DA9}.Release|x86.ActiveCfg = Release|x86
		{70884341-C9F7-4050-815C-0AB35BD49DA9}.Release|x86.Build.0 = Release|x86
		{8D9DA93C-B970-47DB-B367-392EC0034E93}.Debug|ARM.ActiveCfg = Debug|ARM
		{8D9DA93C-B970-47DB-B367-392EC0034E93}.Debug|ARM.Build.0 = Debug|ARM
		{8D9DA93C-B970-47DB-B367-392EC0034E93}.Debug|ARM64.ActiveCfg = Debug|ARM64
		{8D9DA93C-B970-47DB-B367-392EC0034E93}.Debug|ARM64.Build.0 = Debug|ARM64
		{8D9DA93C-B970-47DB-B367-392EC0034E93}.Debug|x64.ActiveCfg = Debug|x64
		{8D9DA93C-B970-47DB-B367-392EC0034E93}.Debug|x64.Build.0 = Debug|x64
		{8D9DA93C-B970-47DB-B367-392EC0034E93}.Debug|x86.ActiveCfg = Debug|x86
		{8D9DA93C-B970-47DB-B367-392EC0034E93}.Debug|x86.Build.0 = Debug|x86
		{8D9DA93C-B970-47DB-B367-392EC0034E93}.Release|ARM.ActiveCfg = Release|ARM
		{8D9DA93C-B970-47DB-B367-392EC0034E93}.Release|ARM.Build.0 = Release|ARM
		{8D9DA93C-B970-47DB-B367-392EC0034E93}.Release|ARM64.ActiveCfg = Release|ARM64
		{8D9DA93C-B970-47DB-B367-392EC0034E93}.Release|ARM64.Build.0 = Release|ARM64
		{8D9DA93C-B970-47DB-B367-392EC0034E93}.Release|x64.ActiveCfg = Release|x64
		{8D9DA93C-B970-47DB-B367-392EC0034E93}.Release|x64.Build.0 = Release|x64
		{8D9DA93C-B970-47DB-B367-392EC0034E93}.Release|x86.ActiveCfg = Release|x86
		{8D9DA93C-B970-47DB-B367-392EC0034E93}.Release|x86.Build.0 = Release|x86
	EndGlobalSection
	GlobalSection(SolutionProperties) = preSolution
		HideSolutionNode = FALSE
	EndGlobalSection
	GlobalSection(ExtensibilityGlobals) = postSolution
		SolutionGuid = {30542810-307A-44E3-9DDA-2765738362B5}
	EndGlobalSection
EndGlobal
